{
    "version": 3,
    "terraform_version": "0.8.5",
    "serial": 7,
    "lineage": "fb56b9da-fa96-481e-b6aa-043942f67ca4",
    "modules": [
        {
            "path": [
                "root"
            ],
            "outputs": {
                "ec2_users": {
                    "sensitive": false,
                    "type": "list",
                    "value": [
                        "arn:aws:iam::492355403182:user/dhiman.ec2",
                        "arn:aws:iam::492355403182:user/vikash.ec2",
                        "arn:aws:iam::492355403182:user/kayako.ec2"
                    ]
                },
                "s3_users": {
                    "sensitive": false,
                    "type": "list",
                    "value": [
                        "arn:aws:iam::492355403182:user/vikash.s3"
                    ]
                }
            },
            "resources": {
                "aws_iam_policy.ec2_read_only": {
                    "type": "aws_iam_policy",
                    "depends_on": [
                        "data.aws_iam_policy_document.ec2_read_only"
                    ],
                    "primary": {
                        "id": "arn:aws:iam::492355403182:policy/ec2_read-only",
                        "attributes": {
                            "arn": "arn:aws:iam::492355403182:policy/ec2_read-only",
                            "id": "arn:aws:iam::492355403182:policy/ec2_read-only",
                            "name": "ec2_read-only",
                            "path": "/",
                            "policy": "{\n  \"Version\": \"2012-10-17\",\n  \"Statement\": [\n    {\n      \"Sid\": \"\",\n      \"Effect\": \"Allow\",\n      \"Action\": \"ec2:Describe*\",\n      \"Resource\": \"*\"\n    }\n  ]\n}"
                        },
                        "meta": {},
                        "tainted": false
                    },
                    "deposed": [],
                    "provider": ""
                },
                "aws_iam_policy.s3_access": {
                    "type": "aws_iam_policy",
                    "depends_on": [
                        "data.aws_iam_policy_document.s3_access"
                    ],
                    "primary": {
                        "id": "arn:aws:iam::492355403182:policy/s3_access",
                        "attributes": {
                            "arn": "arn:aws:iam::492355403182:policy/s3_access",
                            "id": "arn:aws:iam::492355403182:policy/s3_access",
                            "name": "s3_access",
                            "path": "/",
                            "policy": "{\n  \"Version\": \"2012-10-17\",\n  \"Statement\": [\n    {\n      \"Sid\": \"\",\n      \"Effect\": \"Allow\",\n      \"Action\": \"s3:*\",\n      \"Resource\": \"*\"\n    }\n  ]\n}"
                        },
                        "meta": {},
                        "tainted": false
                    },
                    "deposed": [],
                    "provider": ""
                },
                "aws_iam_user.ec2.0": {
                    "type": "aws_iam_user",
                    "depends_on": [],
                    "primary": {
                        "id": "dhiman.ec2",
                        "attributes": {
                            "arn": "arn:aws:iam::492355403182:user/dhiman.ec2",
                            "force_destroy": "false",
                            "id": "dhiman.ec2",
                            "name": "dhiman.ec2",
                            "path": "/",
                            "unique_id": "AIDAJKHQOUWWZCPAJRS42"
                        },
                        "meta": {},
                        "tainted": false
                    },
                    "deposed": [],
                    "provider": ""
                },
                "aws_iam_user.ec2.1": {
                    "type": "aws_iam_user",
                    "depends_on": [],
                    "primary": {
                        "id": "vikash.ec2",
                        "attributes": {
                            "arn": "arn:aws:iam::492355403182:user/vikash.ec2",
                            "force_destroy": "false",
                            "id": "vikash.ec2",
                            "name": "vikash.ec2",
                            "path": "/",
                            "unique_id": "AIDAJU42EDOT5BKVPO74S"
                        },
                        "meta": {},
                        "tainted": false
                    },
                    "deposed": [],
                    "provider": ""
                },
                "aws_iam_user.ec2.2": {
                    "type": "aws_iam_user",
                    "depends_on": [],
                    "primary": {
                        "id": "kayako.ec2",
                        "attributes": {
                            "arn": "arn:aws:iam::492355403182:user/kayako.ec2",
                            "force_destroy": "false",
                            "id": "kayako.ec2",
                            "name": "kayako.ec2",
                            "path": "/",
                            "unique_id": "AIDAICJ45XNULREIOSD2M"
                        },
                        "meta": {},
                        "tainted": false
                    },
                    "deposed": [],
                    "provider": ""
                },
                "aws_iam_user.s3": {
                    "type": "aws_iam_user",
                    "depends_on": [],
                    "primary": {
                        "id": "vikash.s3",
                        "attributes": {
                            "arn": "arn:aws:iam::492355403182:user/vikash.s3",
                            "force_destroy": "false",
                            "id": "vikash.s3",
                            "name": "vikash.s3",
                            "path": "/",
                            "unique_id": "AIDAJIAFPPUJKNFSCPGXA"
                        },
                        "meta": {},
                        "tainted": false
                    },
                    "deposed": [],
                    "provider": ""
                },
                "aws_iam_user_policy_attachment.ec2_access.0": {
                    "type": "aws_iam_user_policy_attachment",
                    "depends_on": [
                        "aws_iam_policy.ec2_read_only",
                        "aws_iam_user.ec2"
                    ],
                    "primary": {
                        "id": "dhiman.ec2-001058dcaf2f565f4bcdc260ce",
                        "attributes": {
                            "id": "dhiman.ec2-001058dcaf2f565f4bcdc260ce",
                            "policy_arn": "arn:aws:iam::492355403182:policy/ec2_read-only",
                            "user": "dhiman.ec2"
                        },
                        "meta": {},
                        "tainted": false
                    },
                    "deposed": [],
                    "provider": ""
                },
                "aws_iam_user_policy_attachment.ec2_access.1": {
                    "type": "aws_iam_user_policy_attachment",
                    "depends_on": [
                        "aws_iam_policy.ec2_read_only",
                        "aws_iam_user.ec2"
                    ],
                    "primary": {
                        "id": "vikash.ec2-001058dcaf2f565f4bcdc260d0",
                        "attributes": {
                            "id": "vikash.ec2-001058dcaf2f565f4bcdc260d0",
                            "policy_arn": "arn:aws:iam::492355403182:policy/ec2_read-only",
                            "user": "vikash.ec2"
                        },
                        "meta": {},
                        "tainted": false
                    },
                    "deposed": [],
                    "provider": ""
                },
                "aws_iam_user_policy_attachment.ec2_access.2": {
                    "type": "aws_iam_user_policy_attachment",
                    "depends_on": [
                        "aws_iam_policy.ec2_read_only",
                        "aws_iam_user.ec2"
                    ],
                    "primary": {
                        "id": "kayako.ec2-001058dcaf2f565f4bcdc260cf",
                        "attributes": {
                            "id": "kayako.ec2-001058dcaf2f565f4bcdc260cf",
                            "policy_arn": "arn:aws:iam::492355403182:policy/ec2_read-only",
                            "user": "kayako.ec2"
                        },
                        "meta": {},
                        "tainted": false
                    },
                    "deposed": [],
                    "provider": ""
                },
                "aws_iam_user_policy_attachment.s3_access": {
                    "type": "aws_iam_user_policy_attachment",
                    "depends_on": [
                        "aws_iam_policy.s3_access"
                    ],
                    "primary": {
                        "id": "vikash.s3-00e2de8a5219517bba51c75857",
                        "attributes": {
                            "id": "vikash.s3-00e2de8a5219517bba51c75857",
                            "policy_arn": "arn:aws:iam::492355403182:policy/s3_access",
                            "user": "vikash.s3"
                        },
                        "meta": {},
                        "tainted": false
                    },
                    "deposed": [],
                    "provider": ""
                },
                "data.aws_iam_policy_document.ec2_read_only": {
                    "type": "aws_iam_policy_document",
                    "depends_on": [],
                    "primary": {
                        "id": "1152265192",
                        "attributes": {
                            "id": "1152265192",
                            "json": "{\n  \"Version\": \"2012-10-17\",\n  \"Statement\": [\n    {\n      \"Sid\": \"\",\n      \"Effect\": \"Allow\",\n      \"Action\": \"ec2:Describe*\",\n      \"Resource\": \"*\"\n    }\n  ]\n}",
                            "statement.#": "1",
                            "statement.0.actions.#": "1",
                            "statement.0.actions.2459212947": "ec2:Describe*",
                            "statement.0.condition.#": "0",
                            "statement.0.effect": "Allow",
                            "statement.0.not_actions.#": "0",
                            "statement.0.not_principals.#": "0",
                            "statement.0.not_resources.#": "0",
                            "statement.0.principals.#": "0",
                            "statement.0.resources.#": "1",
                            "statement.0.resources.2679715827": "*",
                            "statement.0.sid": ""
                        },
                        "meta": {},
                        "tainted": false
                    },
                    "deposed": [],
                    "provider": ""
                },
                "data.aws_iam_policy_document.s3_access": {
                    "type": "aws_iam_policy_document",
                    "depends_on": [],
                    "primary": {
                        "id": "3228841632",
                        "attributes": {
                            "id": "3228841632",
                            "json": "{\n  \"Version\": \"2012-10-17\",\n  \"Statement\": [\n    {\n      \"Sid\": \"\",\n      \"Effect\": \"Allow\",\n      \"Action\": \"s3:*\",\n      \"Resource\": \"*\"\n    }\n  ]\n}",
                            "statement.#": "1",
                            "statement.0.actions.#": "1",
                            "statement.0.actions.1834123015": "s3:*",
                            "statement.0.condition.#": "0",
                            "statement.0.effect": "Allow",
                            "statement.0.not_actions.#": "0",
                            "statement.0.not_principals.#": "0",
                            "statement.0.not_resources.#": "0",
                            "statement.0.principals.#": "0",
                            "statement.0.resources.#": "1",
                            "statement.0.resources.2679715827": "*",
                            "statement.0.sid": ""
                        },
                        "meta": {},
                        "tainted": false
                    },
                    "deposed": [],
                    "provider": ""
                }
            },
            "depends_on": []
        }
    ]
}
